
Microsoft Visual Studio Solution File, Format Version 12.00
# Visual Studio Version 16
VisualStudioVersion = 16.0.31424.327
MinimumVisualStudioVersion = 10.0.40219.1
Project("{8BC9CEB8-8B4A-11D0-8D11-00A0C91BC942}") = "shmup", "shmup\shmup.vcxproj", "{7740DFAE-A72E-4776-AD6F-741B7B649853}"
EndProject
Global
	GlobalSection(SolutionConfigurationPlatforms) = preSolution
		Debug|x64 = Debug|x64
		Debug|x86 = Debug|x86
		Release|x64 = Release|x64
		Release|x86 = Release|x86
	EndGlobalSection
	GlobalSection(ProjectConfigurationPlatforms) = postSolution
		{7740DFAE-A72E-4776-AD6F-741B7B649853}.Debug|x64.ActiveCfg = Debug|x64
		{7740DFAE-A72E-4776-AD6F-741B7B649853}.Debug|x64.Build.0 = Debug|x64
		{7740DFAE-A72E-4776-AD6F-741B7B649853}.Debug|x86.ActiveCfg = Debug|Win32
		{7740DFAE-A72E-4776-AD6F-741B7B649853}.Debug|x86.Build.0 = Debug|Win32
		{7740DFAE-A72E-4776-AD6F-741B7B649853}.Release|x64.ActiveCfg = Release|x64
		{7740DFAE-A72E-4776-AD6F-741B7B649853}.Release|x64.Build.0 = Release|x64
		{7740DFAE-A72E-4776-AD6F-741B7B649853}.Release|x86.ActiveCfg = Release|Win32
		{7740DFAE-A72E-4776-AD6F-741B7B649853}.Release|x86.Build.0 = Release|Win32
	EndGlobalSection
	GlobalSection(SolutionProperties) = preSolution
		HideSolutionNode = FALSE
	EndGlobalSection
	GlobalSection(ExtensibilityGlobals) = postSolution
		SolutionGuid = {226CC49D-1A3F-4404-AE65-E1E5486D6A79}
	EndGlobalSection
EndGlobal
